PODS:
  - Flutter (1.0.0)
  - protocol_handler_ios (0.0.1):
    - Flutter

DEPENDENCIES:
  - Flutter (from `Flutter`)
  - protocol_handler_ios (from `.symlinks/plugins/protocol_handler_ios/ios`)

EXTERNAL SOURCES:
  Flutter:
    :path: Flutter
  protocol_handler_ios:
    :path: ".symlinks/plugins/protocol_handler_ios/ios"

SPEC CHECKSUMS:
  Flutter: 71a624a5bc0c04062bf19101d501e466baf2fb47
  protocol_handler_ios: 59f23ee71f3ec602d67902ca7f669a80957888d5

PODFILE CHECKSUM: 3ba3a73b1b12adcf321a227a745625fe0888cc82

COCOAPODS: 1.17.0
